
Microsoft Visual Studio Solution File, Format Version 12.00
# Visual Studio Version 16
VisualStudioVersion = 16.0.30204.135
MinimumVisualStudioVersion = 10.0.40219.1
Project("{FAE04EC0-301F-11D3-BF4B-00C04F79EFBC}") = "Europa", "Europa\Europa.csproj", "{CD8ED417-3217-4342-8C55-66055F630FCD}"
EndProject
Project("{FAE04EC0-301F-11D3-BF4B-00C04F79EFBC}") = "Europa.Development", "Europa.Development\Europa.Development.csproj", "{267193A7-7AD4-4E21-B235-BB43EAFA47D3}"
	ProjectSection(ProjectDependencies) = postProject
		{CD8ED417-3217-4342-8C55-66055F630FCD} = {CD8ED417-3217-4342-8C55-66055F630FCD}
	EndProjectSection
EndProject
Project("{FAE04EC0-301F-11D3-BF4B-00C04F79EFBC}") = "Tenda.Domain", "Tenda.Domain\Tenda.Domain.csproj", "{7CAE0A72-FCF9-4302-90C4-74DCFDDEA11F}"
	ProjectSection(ProjectDependencies) = postProject
		{CD8ED417-3217-4342-8C55-66055F630FCD} = {CD8ED417-3217-4342-8C55-66055F630FCD}
	EndProjectSection
EndProject
Project("{FAE04EC0-301F-11D3-BF4B-00C04F79EFBC}") = "Tenda.EmpresaVenda.Domain", "Tenda.EmpresaVenda.Domain\Tenda.EmpresaVenda.Domain.csproj", "{C0615C67-A849-43C0-9DDC-9FC64FB0D041}"
	ProjectSection(ProjectDependencies) = postProject
		{7CAE0A72-FCF9-4302-90C4-74DCFDDEA11F} = {7CAE0A72-FCF9-4302-90C4-74DCFDDEA11F}
	EndProjectSection
EndProject
Project("{FAE04EC0-301F-11D3-BF4B-00C04F79EFBC}") = "Tenda.EmpresaVenda.Web", "Tenda.EmpresaVenda.Web\Tenda.EmpresaVenda.Web.csproj", "{0959FD65-E9A6-4ED0-8CE2-6A4CBB214C1A}"
	ProjectSection(ProjectDependencies) = postProject
		{C0615C67-A849-43C0-9DDC-9FC64FB0D041} = {C0615C67-A849-43C0-9DDC-9FC64FB0D041}
		{7CAE0A72-FCF9-4302-90C4-74DCFDDEA11F} = {7CAE0A72-FCF9-4302-90C4-74DCFDDEA11F}
	EndProjectSection
EndProject
Project("{FAE04EC0-301F-11D3-BF4B-00C04F79EFBC}") = "Tenda.EmpresaVenda.Portal", "Tenda.EmpresaVenda.Portal\Tenda.EmpresaVenda.Portal.csproj", "{B7FB9636-E75C-4334-A415-680428F172C4}"
EndProject
Project("{FAE04EC0-301F-11D3-BF4B-00C04F79EFBC}") = "Tenda.EmpresaVenda.Api", "Tenda.EmpresaVenda.Api\Tenda.EmpresaVenda.Api.csproj", "{99DD09DC-9CC5-4AF8-9CC0-A75C3C4C26E5}"
EndProject
Project("{FAE04EC0-301F-11D3-BF4B-00C04F79EFBC}") = "Tenda.EmpresaVenda.ApiService", "Tenda.EmpresaVenda.ApiService\Tenda.EmpresaVenda.ApiService.csproj", "{5BB20EEC-39C6-437F-A667-DC6807419248}"
EndProject
Project("{FAE04EC0-301F-11D3-BF4B-00C04F79EFBC}") = "Tenda.EmpresaVenda.PortalHouse", "Tenda.EmpresaVenda.PortalHouse\Tenda.EmpresaVenda.PortalHouse.csproj", "{F545DB25-EAA4-4FCC-9264-2972D9230455}"
EndProject
Global
	GlobalSection(SolutionConfigurationPlatforms) = preSolution
		Debug|Any CPU = Debug|Any CPU
		Debug|x64 = Debug|x64
		Debug|x86 = Debug|x86
		Release|Any CPU = Release|Any CPU
		Release|x64 = Release|x64
		Release|x86 = Release|x86
	EndGlobalSection
	GlobalSection(ProjectConfigurationPlatforms) = postSolution
		{CD8ED417-3217-4342-8C55-66055F630FCD}.Debug|Any CPU.ActiveCfg = Debug|Any CPU
		{CD8ED417-3217-4342-8C55-66055F630FCD}.Debug|Any CPU.Build.0 = Debug|Any CPU
		{CD8ED417-3217-4342-8C55-66055F630FCD}.Debug|x64.ActiveCfg = Debug|Any CPU
		{CD8ED417-3217-4342-8C55-66055F630FCD}.Debug|x64.Build.0 = Debug|Any CPU
		{CD8ED417-3217-4342-8C55-66055F630FCD}.Debug|x86.ActiveCfg = Debug|x86
		{CD8ED417-3217-4342-8C55-66055F630FCD}.Debug|x86.Build.0 = Debug|x86
		{CD8ED417-3217-4342-8C55-66055F630FCD}.Release|Any CPU.ActiveCfg = Release|Any CPU
		{CD8ED417-3217-4342-8C55-66055F630FCD}.Release|Any CPU.Build.0 = Release|Any CPU
		{CD8ED417-3217-4342-8C55-66055F630FCD}.Release|x64.ActiveCfg = Release|Any CPU
		{CD8ED417-3217-4342-8C55-66055F630FCD}.Release|x64.Build.0 = Release|Any CPU
		{CD8ED417-3217-4342-8C55-66055F630FCD}.Release|x86.ActiveCfg = Release|x86
		{CD8ED417-3217-4342-8C55-66055F630FCD}.Release|x86.Build.0 = Release|x86
		{267193A7-7AD4-4E21-B235-BB43EAFA47D3}.Debug|Any CPU.ActiveCfg = Debug|Any CPU
		{267193A7-7AD4-4E21-B235-BB43EAFA47D3}.Debug|Any CPU.Build.0 = Debug|Any CPU
		{267193A7-7AD4-4E21-B235-BB43EAFA47D3}.Debug|x64.ActiveCfg = Debug|Any CPU
		{267193A7-7AD4-4E21-B235-BB43EAFA47D3}.Debug|x64.Build.0 = Debug|Any CPU
		{267193A7-7AD4-4E21-B235-BB43EAFA47D3}.Debug|x86.ActiveCfg = Debug|x86
		{267193A7-7AD4-4E21-B235-BB43EAFA47D3}.Debug|x86.Build.0 = Debug|x86
		{267193A7-7AD4-4E21-B235-BB43EAFA47D3}.Release|Any CPU.ActiveCfg = Release|Any CPU
		{267193A7-7AD4-4E21-B235-BB43EAFA47D3}.Release|Any CPU.Build.0 = Release|Any CPU
		{267193A7-7AD4-4E21-B235-BB43EAFA47D3}.Release|x64.ActiveCfg = Release|Any CPU
		{267193A7-7AD4-4E21-B235-BB43EAFA47D3}.Release|x64.Build.0 = Release|Any CPU
		{267193A7-7AD4-4E21-B235-BB43EAFA47D3}.Release|x86.ActiveCfg = Release|x86
		{267193A7-7AD4-4E21-B235-BB43EAFA47D3}.Release|x86.Build.0 = Release|x86
		{7CAE0A72-FCF9-4302-90C4-74DCFDDEA11F}.Debug|Any CPU.ActiveCfg = Debug|Any CPU
		{7CAE0A72-FCF9-4302-90C4-74DCFDDEA11F}.Debug|Any CPU.Build.0 = Debug|Any CPU
		{7CAE0A72-FCF9-4302-90C4-74DCFDDEA11F}.Debug|x64.ActiveCfg = Debug|Any CPU
		{7CAE0A72-FCF9-4302-90C4-74DCFDDEA11F}.Debug|x64.Build.0 = Debug|Any CPU
		{7CAE0A72-FCF9-4302-90C4-74DCFDDEA11F}.Debug|x86.ActiveCfg = Debug|Any CPU
		{7CAE0A72-FCF9-4302-90C4-74DCFDDEA11F}.Debug|x86.Build.0 = Debug|Any CPU
		{7CAE0A72-FCF9-4302-90C4-74DCFDDEA11F}.Release|Any CPU.ActiveCfg = Release|Any CPU
		{7CAE0A72-FCF9-4302-90C4-74DCFDDEA11F}.Release|Any CPU.Build.0 = Release|Any CPU
		{7CAE0A72-FCF9-4302-90C4-74DCFDDEA11F}.Release|x64.ActiveCfg = Release|Any CPU
		{7CAE0A72-FCF9-4302-90C4-74DCFDDEA11F}.Release|x64.Build.0 = Release|Any CPU
		{7CAE0A72-FCF9-4302-90C4-74DCFDDEA11F}.Release|x86.ActiveCfg = Release|Any CPU
		{7CAE0A72-FCF9-4302-90C4-74DCFDDEA11F}.Release|x86.Build.0 = Release|Any CPU
		{C0615C67-A849-43C0-9DDC-9FC64FB0D041}.Debug|Any CPU.ActiveCfg = Debug|Any CPU
		{C0615C67-A849-43C0-9DDC-9FC64FB0D041}.Debug|Any CPU.Build.0 = Debug|Any CPU
		{C0615C67-A849-43C0-9DDC-9FC64FB0D041}.Debug|x64.ActiveCfg = Debug|Any CPU
		{C0615C67-A849-43C0-9DDC-9FC64FB0D041}.Debug|x64.Build.0 = Debug|Any CPU
		{C0615C67-A849-43C0-9DDC-9FC64FB0D041}.Debug|x86.ActiveCfg = Debug|Any CPU
		{C0615C67-A849-43C0-9DDC-9FC64FB0D041}.Debug|x86.Build.0 = Debug|Any CPU
		{C0615C67-A849-43C0-9DDC-9FC64FB0D041}.Release|Any CPU.ActiveCfg = Release|Any CPU
		{C0615C67-A849-43C0-9DDC-9FC64FB0D041}.Release|Any CPU.Build.0 = Release|Any CPU
		{C0615C67-A849-43C0-9DDC-9FC64FB0D041}.Release|x64.ActiveCfg = Release|Any CPU
		{C0615C67-A849-43C0-9DDC-9FC64FB0D041}.Release|x64.Build.0 = Release|Any CPU
		{C0615C67-A849-43C0-9DDC-9FC64FB0D041}.Release|x86.ActiveCfg = Release|Any CPU
		{C0615C67-A849-43C0-9DDC-9FC64FB0D041}.Release|x86.Build.0 = Release|Any CPU
		{0959FD65-E9A6-4ED0-8CE2-6A4CBB214C1A}.Debug|Any CPU.ActiveCfg = Debug|Any CPU
		{0959FD65-E9A6-4ED0-8CE2-6A4CBB214C1A}.Debug|Any CPU.Build.0 = Debug|Any CPU
		{0959FD65-E9A6-4ED0-8CE2-6A4CBB214C1A}.Debug|x64.ActiveCfg = Debug|Any CPU
		{0959FD65-E9A6-4ED0-8CE2-6A4CBB214C1A}.Debug|x64.Build.0 = Debug|Any CPU
		{0959FD65-E9A6-4ED0-8CE2-6A4CBB214C1A}.Debug|x86.ActiveCfg = Debug|Any CPU
		{0959FD65-E9A6-4ED0-8CE2-6A4CBB214C1A}.Debug|x86.Build.0 = Debug|Any CPU
		{0959FD65-E9A6-4ED0-8CE2-6A4CBB214C1A}.Release|Any CPU.ActiveCfg = Release|Any CPU
		{0959FD65-E9A6-4ED0-8CE2-6A4CBB214C1A}.Release|Any CPU.Build.0 = Release|Any CPU
		{0959FD65-E9A6-4ED0-8CE2-6A4CBB214C1A}.Release|x64.ActiveCfg = Release|Any CPU
		{0959FD65-E9A6-4ED0-8CE2-6A4CBB214C1A}.Release|x64.Build.0 = Release|Any CPU
		{0959FD65-E9A6-4ED0-8CE2-6A4CBB214C1A}.Release|x86.ActiveCfg = Release|Any CPU
		{0959FD65-E9A6-4ED0-8CE2-6A4CBB214C1A}.Release|x86.Build.0 = Release|Any CPU
		{B7FB9636-E75C-4334-A415-680428F172C4}.Debug|Any CPU.ActiveCfg = Debug|Any CPU
		{B7FB9636-E75C-4334-A415-680428F172C4}.Debug|Any CPU.Build.0 = Debug|Any CPU
		{B7FB9636-E75C-4334-A415-680428F172C4}.Debug|x64.ActiveCfg = Debug|Any CPU
		{B7FB9636-E75C-4334-A415-680428F172C4}.Debug|x64.Build.0 = Debug|Any CPU
		{B7FB9636-E75C-4334-A415-680428F172C4}.Debug|x86.ActiveCfg = Debug|Any CPU
		{B7FB9636-E75C-4334-A415-680428F172C4}.Debug|x86.Build.0 = Debug|Any CPU
		{B7FB9636-E75C-4334-A415-680428F172C4}.Release|Any CPU.ActiveCfg = Release|Any CPU
		{B7FB9636-E75C-4334-A415-680428F172C4}.Release|Any CPU.Build.0 = Release|Any CPU
		{B7FB9636-E75C-4334-A415-680428F172C4}.Release|x64.ActiveCfg = Release|Any CPU
		{B7FB9636-E75C-4334-A415-680428F172C4}.Release|x64.Build.0 = Release|Any CPU
		{B7FB9636-E75C-4334-A415-680428F172C4}.Release|x86.ActiveCfg = Release|Any CPU
		{B7FB9636-E75C-4334-A415-680428F172C4}.Release|x86.Build.0 = Release|Any CPU
		{99DD09DC-9CC5-4AF8-9CC0-A75C3C4C26E5}.Debug|Any CPU.ActiveCfg = Debug|Any CPU
		{99DD09DC-9CC5-4AF8-9CC0-A75C3C4C26E5}.Debug|Any CPU.Build.0 = Debug|Any CPU
		{99DD09DC-9CC5-4AF8-9CC0-A75C3C4C26E5}.Debug|x64.ActiveCfg = Debug|Any CPU
		{99DD09DC-9CC5-4AF8-9CC0-A75C3C4C26E5}.Debug|x64.Build.0 = Debug|Any CPU
		{99DD09DC-9CC5-4AF8-9CC0-A75C3C4C26E5}.Debug|x86.ActiveCfg = Debug|Any CPU
		{99DD09DC-9CC5-4AF8-9CC0-A75C3C4C26E5}.Debug|x86.Build.0 = Debug|Any CPU
		{99DD09DC-9CC5-4AF8-9CC0-A75C3C4C26E5}.Release|Any CPU.ActiveCfg = Release|Any CPU
		{99DD09DC-9CC5-4AF8-9CC0-A75C3C4C26E5}.Release|Any CPU.Build.0 = Release|Any CPU
		{99DD09DC-9CC5-4AF8-9CC0-A75C3C4C26E5}.Release|x64.ActiveCfg = Release|Any CPU
		{99DD09DC-9CC5-4AF8-9CC0-A75C3C4C26E5}.Release|x64.Build.0 = Release|Any CPU
		{99DD09DC-9CC5-4AF8-9CC0-A75C3C4C26E5}.Release|x86.ActiveCfg = Release|Any CPU
		{99DD09DC-9CC5-4AF8-9CC0-A75C3C4C26E5}.Release|x86.Build.0 = Release|Any CPU
		{5BB20EEC-39C6-437F-A667-DC6807419248}.Debug|Any CPU.ActiveCfg = Debug|Any CPU
		{5BB20EEC-39C6-437F-A667-DC6807419248}.Debug|Any CPU.Build.0 = Debug|Any CPU
		{5BB20EEC-39C6-437F-A667-DC6807419248}.Debug|x64.ActiveCfg = Debug|Any CPU
		{5BB20EEC-39C6-437F-A667-DC6807419248}.Debug|x64.Build.0 = Debug|Any CPU
		{5BB20EEC-39C6-437F-A667-DC6807419248}.Debug|x86.ActiveCfg = Debug|Any CPU
		{5BB20EEC-39C6-437F-A667-DC6807419248}.Debug|x86.Build.0 = Debug|Any CPU
		{5BB20EEC-39C6-437F-A667-DC6807419248}.Release|Any CPU.ActiveCfg = Release|Any CPU
		{5BB20EEC-39C6-437F-A667-DC6807419248}.Release|Any CPU.Build.0 = Release|Any CPU
		{5BB20EEC-39C6-437F-A667-DC6807419248}.Release|x64.ActiveCfg = Release|Any CPU
		{5BB20EEC-39C6-437F-A667-DC6807419248}.Release|x64.Build.0 = Release|Any CPU
		{5BB20EEC-39C6-437F-A667-DC6807419248}.Release|x86.ActiveCfg = Release|Any CPU
		{5BB20EEC-39C6-437F-A667-DC6807419248}.Release|x86.Build.0 = Release|Any CPU
		{F545DB25-EAA4-4FCC-9264-2972D9230455}.Debug|Any CPU.ActiveCfg = Debug|Any CPU
		{F545DB25-EAA4-4FCC-9264-2972D9230455}.Debug|Any CPU.Build.0 = Debug|Any CPU
		{F545DB25-EAA4-4FCC-9264-2972D9230455}.Debug|x64.ActiveCfg = Debug|Any CPU
		{F545DB25-EAA4-4FCC-9264-2972D9230455}.Debug|x64.Build.0 = Debug|Any CPU
		{F545DB25-EAA4-4FCC-9264-2972D9230455}.Debug|x86.ActiveCfg = Debug|Any CPU
		{F545DB25-EAA4-4FCC-9264-2972D9230455}.Debug|x86.Build.0 = Debug|Any CPU
		{F545DB25-EAA4-4FCC-9264-2972D9230455}.Release|Any CPU.ActiveCfg = Release|Any CPU
		{F545DB25-EAA4-4FCC-9264-2972D9230455}.Release|Any CPU.Build.0 = Release|Any CPU
		{F545DB25-EAA4-4FCC-9264-2972D9230455}.Release|x64.ActiveCfg = Release|Any CPU
		{F545DB25-EAA4-4FCC-9264-2972D9230455}.Release|x64.Build.0 = Release|Any CPU
		{F545DB25-EAA4-4FCC-9264-2972D9230455}.Release|x86.ActiveCfg = Release|Any CPU
		{F545DB25-EAA4-4FCC-9264-2972D9230455}.Release|x86.Build.0 = Release|Any CPU
	EndGlobalSection
	GlobalSection(SolutionProperties) = preSolution
		HideSolutionNode = FALSE
	EndGlobalSection
	GlobalSection(ExtensibilityGlobals) = postSolution
		SolutionGuid = {375C94F6-34A5-4CA9-8D3D-49A77555CD3F}
	EndGlobalSection
EndGlobal
