{
  "name": "asp.net",
  "version": "1.0.0",
  "lockfileVersion": 2,
  "requires": true,
  "packages": {
    "": {
      "name": "asp.net",
      "version": "1.0.0",
      "dependencies": {
        "@fortawesome/fontawesome-free": "^5.15.4",
        "angular": "^1.8.2",
        "angular-datatables": "^0.5.7",
        "bootstrap": "^4.6.0",
        "bootstrap-daterangepicker": "^3.1.0",
        "bootstrap-notify": "^3.1.3",
        "datatables.net-rowreorder": "^1.2.7",
        "jquery": "^3.6.0",
        "jquery-form": "^4.3.0",
        "jquery-mask-plugin": "^1.14.16",
        "jquery-maskmoney": "^3.0.2",
        "jquery-validation": "^1.19.3",
        "jquery-validation-unobtrusive": "^3.2.11",
        "select2": "^4.0.13",
        "slick-carousel": "^1.8.1"
      },
      "devDependencies": {}
    },
    "node_modules/@fortawesome/fontawesome-free": {
      "version": "5.15.4",
      "resolved": "https://registry.npmjs.org/@fortawesome/fontawesome-free/-/fontawesome-free-5.15.4.tgz",
      "integrity": "sha512-eYm8vijH/hpzr/6/1CJ/V/Eb1xQFW2nnUKArb3z+yUWv7HTwj6M7SP957oMjfZjAHU6qpoNc2wQvIxBLWYa/Jg==",
      "hasInstallScript": true,
      "engines": {
        "node": ">=6"
      }
    },
    "node_modules/angular": {
      "version": "1.8.2",
      "resolved": "https://registry.npmjs.org/angular/-/angular-1.8.2.tgz",
      "integrity": "sha512-IauMOej2xEe7/7Ennahkbb5qd/HFADiNuLSESz9Q27inmi32zB0lnAsFeLEWcox3Gd1F6YhNd1CP7/9IukJ0Gw=="
    },
    "node_modules/angular-datatables": {
      "version": "0.5.7",
      "resolved": "https://registry.npmjs.org/angular-datatables/-/angular-datatables-0.5.7.tgz",
      "integrity": "sha1-NAzNxO2udnVyxiced8v+JaGBCWU=",
      "dependencies": {
        "angular": ">=1.3.0",
        "datatables.net": "^1.10.11",
        "datatables.net-dt": "^1.10.11",
        "jquery": ">=1.11.0"
      },
      "engines": {
        "node": ">=0.8.0"
      }
    },
    "node_modules/bootstrap": {
      "version": "4.6.0",
      "resolved": "https://registry.npmjs.org/bootstrap/-/bootstrap-4.6.0.tgz",
      "integrity": "sha512-Io55IuQY3kydzHtbGvQya3H+KorS/M9rSNyfCGCg9WZ4pyT/lCxIlpJgG1GXW/PswzC84Tr2fBYi+7+jFVQQBw=="
    },
    "node_modules/bootstrap-daterangepicker": {
      "version": "3.1.0",
      "resolved": "https://registry.npmjs.org/bootstrap-daterangepicker/-/bootstrap-daterangepicker-3.1.0.tgz",
      "integrity": "sha512-oaQZx6ZBDo/dZNyXGVi2rx5GmFXThyQLAxdtIqjtLlYVaQUfQALl5JZMJJZzyDIX7blfy4ppZPAJ10g8Ma4d/g==",
      "dependencies": {
        "jquery": ">=1.10",
        "moment": "^2.9.0"
      }
    },
    "node_modules/bootstrap-notify": {
      "version": "3.1.3",
      "resolved": "https://registry.npmjs.org/bootstrap-notify/-/bootstrap-notify-3.1.3.tgz",
      "integrity": "sha1-fpizppbPRSp7VnJ/CzMWqQA3wQs="
    },
    "node_modules/datatables.net": {
      "version": "1.10.24",
      "resolved": "https://registry.npmjs.org/datatables.net/-/datatables.net-1.10.24.tgz",
      "integrity": "sha512-CwXixvOdinvBCLXvcTloDinWiEM7Geaz+GwyjPrZL+MXIGPcLv4Op1bbWn8ErsI1JWMIWC8Cuf1rnDU2RrFV5w==",
      "dependencies": {
        "jquery": ">=1.7"
      }
    },
    "node_modules/datatables.net-dt": {
      "version": "1.10.24",
      "resolved": "https://registry.npmjs.org/datatables.net-dt/-/datatables.net-dt-1.10.24.tgz",
      "integrity": "sha512-O7c/Fhqz9hZG8LkXLr9k3M2rZPFjqY6tylOnFl3UaTZfBp5TeCc1AXZbFmv3Y7aNkcNS2UVJRiYAk7bkQhxR+w==",
      "dependencies": {
        "datatables.net": "1.10.24",
        "jquery": ">=1.7"
      }
    },
    "node_modules/datatables.net-rowreorder": {
      "version": "1.2.8",
      "resolved": "https://registry.npmjs.org/datatables.net-rowreorder/-/datatables.net-rowreorder-1.2.8.tgz",
      "integrity": "sha512-gFNKMa5DtigbjhSs96ZKT3uICC1z87EuLUIYLVPEXHc7v/WVOiQ3AaRvIQtExORPi/jQzxEoO5wO9UGZ0ldsUQ==",
      "dependencies": {
        "datatables.net": "^1.10.15",
        "jquery": ">=1.7"
      }
    },
    "node_modules/jquery": {
      "version": "3.6.0",
      "resolved": "https://registry.npmjs.org/jquery/-/jquery-3.6.0.tgz",
      "integrity": "sha512-JVzAR/AjBvVt2BmYhxRCSYysDsPcssdmTFnzyLEts9qNwmjmu4JTAMYubEfwVOSwpQ1I1sKKFcxhZCI2buerfw=="
    },
    "node_modules/jquery-form": {
      "version": "4.3.0",
      "resolved": "https://registry.npmjs.org/jquery-form/-/jquery-form-4.3.0.tgz",
      "integrity": "sha512-q3uaVCEWdLOYUCI6dpNdwf/7cJFOsUgdpq6r0taxtGQ5NJSkOzofyWm4jpOuJ5YxdmL1FI5QR+q+HB63HHLGnQ==",
      "dependencies": {
        "jquery": ">=1.7.2"
      }
    },
    "node_modules/jquery-mask-plugin": {
      "version": "1.14.16",
      "resolved": "https://registry.npmjs.org/jquery-mask-plugin/-/jquery-mask-plugin-1.14.16.tgz",
      "integrity": "sha512-reywdHlYEkPbzWjTpcc1fk9XQ3PLvO5dzEAVqy8zI7NTF22tB1HbeU3iboZTLdkBEPaWAqeI2HtEjsGQ4roZKw=="
    },
    "node_modules/jquery-maskmoney": {
      "version": "3.0.2",
      "resolved": "https://registry.npmjs.org/jquery-maskmoney/-/jquery-maskmoney-3.0.2.tgz",
      "integrity": "sha1-8Y3k8GuMZq2XyuizIFcck2rGN7c=",
      "dependencies": {
        "jquery": ">=1.6"
      }
    },
    "node_modules/jquery-validation": {
      "version": "1.19.3",
      "resolved": "https://registry.npmjs.org/jquery-validation/-/jquery-validation-1.19.3.tgz",
      "integrity": "sha512-iXxCS5W7STthSTMFX/NDZfWHBLbJ1behVK3eAgHXAV8/0vRa9M4tiqHvJMr39VGWHMGdlkhrtrkBuaL2UlE8yw=="
    },
    "node_modules/jquery-validation-unobtrusive": {
      "version": "3.2.12",
      "resolved": "https://registry.npmjs.org/jquery-validation-unobtrusive/-/jquery-validation-unobtrusive-3.2.12.tgz",
      "integrity": "sha512-kPixGhVcuat7vZXngGFfSIksy4VlzZcHyRgnBIZdsfVneCU+D5sITC8T8dD/9c9K/Q+qkMlgp7ufJHz93nKSuQ==",
      "dependencies": {
        "jquery": "^3.5.1",
        "jquery-validation": ">=1.16"
      }
    },
    "node_modules/moment": {
      "version": "2.29.1",
      "resolved": "https://registry.npmjs.org/moment/-/moment-2.29.1.tgz",
      "integrity": "sha512-kHmoybcPV8Sqy59DwNDY3Jefr64lK/by/da0ViFcuA4DH0vQg5Q6Ze5VimxkfQNSC+Mls/Kx53s7TjP1RhFEDQ==",
      "engines": {
        "node": "*"
      }
    },
    "node_modules/select2": {
      "version": "4.0.13",
      "resolved": "https://registry.npmjs.org/select2/-/select2-4.0.13.tgz",
      "integrity": "sha512-1JeB87s6oN/TDxQQYCvS5EFoQyvV6eYMZZ0AeA4tdFDYWN3BAGZ8npr17UBFddU0lgAt3H0yjX3X6/ekOj1yjw=="
    },
    "node_modules/slick-carousel": {
      "version": "1.8.1",
      "resolved": "https://registry.npmjs.org/slick-carousel/-/slick-carousel-1.8.1.tgz",
      "integrity": "sha512-XB9Ftrf2EEKfzoQXt3Nitrt/IPbT+f1fgqBdoxO3W/+JYvtEOW6EgxnWfr9GH6nmULv7Y2tPmEX3koxThVmebA=="
    }
  },
  "dependencies": {
    "@fortawesome/fontawesome-free": {
      "version": "5.15.4",
      "resolved": "https://registry.npmjs.org/@fortawesome/fontawesome-free/-/fontawesome-free-5.15.4.tgz",
      "integrity": "sha512-eYm8vijH/hpzr/6/1CJ/V/Eb1xQFW2nnUKArb3z+yUWv7HTwj6M7SP957oMjfZjAHU6qpoNc2wQvIxBLWYa/Jg=="
    },
    "angular": {
      "version": "1.8.2",
      "resolved": "https://registry.npmjs.org/angular/-/angular-1.8.2.tgz",
      "integrity": "sha512-IauMOej2xEe7/7Ennahkbb5qd/HFADiNuLSESz9Q27inmi32zB0lnAsFeLEWcox3Gd1F6YhNd1CP7/9IukJ0Gw=="
    },
    "angular-datatables": {
      "version": "0.5.7",
      "resolved": "https://registry.npmjs.org/angular-datatables/-/angular-datatables-0.5.7.tgz",
      "integrity": "sha1-NAzNxO2udnVyxiced8v+JaGBCWU=",
      "requires": {
        "angular": ">=1.3.0",
        "datatables.net": "^1.10.11",
        "datatables.net-dt": "^1.10.11",
        "jquery": ">=1.11.0"
      }
    },
    "bootstrap": {
      "version": "4.6.0",
      "resolved": "https://registry.npmjs.org/bootstrap/-/bootstrap-4.6.0.tgz",
      "integrity": "sha512-Io55IuQY3kydzHtbGvQya3H+KorS/M9rSNyfCGCg9WZ4pyT/lCxIlpJgG1GXW/PswzC84Tr2fBYi+7+jFVQQBw=="
    },
    "bootstrap-daterangepicker": {
      "version": "3.1.0",
      "resolved": "https://registry.npmjs.org/bootstrap-daterangepicker/-/bootstrap-daterangepicker-3.1.0.tgz",
      "integrity": "sha512-oaQZx6ZBDo/dZNyXGVi2rx5GmFXThyQLAxdtIqjtLlYVaQUfQALl5JZMJJZzyDIX7blfy4ppZPAJ10g8Ma4d/g==",
      "requires": {
        "jquery": ">=1.10",
        "moment": "^2.9.0"
      }
    },
    "bootstrap-notify": {
      "version": "3.1.3",
      "resolved": "https://registry.npmjs.org/bootstrap-notify/-/bootstrap-notify-3.1.3.tgz",
      "integrity": "sha1-fpizppbPRSp7VnJ/CzMWqQA3wQs="
    },
    "datatables.net": {
      "version": "1.10.24",
      "resolved": "https://registry.npmjs.org/datatables.net/-/datatables.net-1.10.24.tgz",
      "integrity": "sha512-CwXixvOdinvBCLXvcTloDinWiEM7Geaz+GwyjPrZL+MXIGPcLv4Op1bbWn8ErsI1JWMIWC8Cuf1rnDU2RrFV5w==",
      "requires": {
        "jquery": ">=1.7"
      }
    },
    "datatables.net-dt": {
      "version": "1.10.24",
      "resolved": "https://registry.npmjs.org/datatables.net-dt/-/datatables.net-dt-1.10.24.tgz",
      "integrity": "sha512-O7c/Fhqz9hZG8LkXLr9k3M2rZPFjqY6tylOnFl3UaTZfBp5TeCc1AXZbFmv3Y7aNkcNS2UVJRiYAk7bkQhxR+w==",
      "requires": {
        "datatables.net": "1.10.24",
        "jquery": ">=1.7"
      }
    },
    "datatables.net-rowreorder": {
      "version": "1.2.8",
      "resolved": "https://registry.npmjs.org/datatables.net-rowreorder/-/datatables.net-rowreorder-1.2.8.tgz",
      "integrity": "sha512-gFNKMa5DtigbjhSs96ZKT3uICC1z87EuLUIYLVPEXHc7v/WVOiQ3AaRvIQtExORPi/jQzxEoO5wO9UGZ0ldsUQ==",
      "requires": {
        "datatables.net": "^1.10.15",
        "jquery": ">=1.7"
      }
    },
    "jquery": {
      "version": "3.6.0",
      "resolved": "https://registry.npmjs.org/jquery/-/jquery-3.6.0.tgz",
      "integrity": "sha512-JVzAR/AjBvVt2BmYhxRCSYysDsPcssdmTFnzyLEts9qNwmjmu4JTAMYubEfwVOSwpQ1I1sKKFcxhZCI2buerfw=="
    },
    "jquery-form": {
      "version": "4.3.0",
      "resolved": "https://registry.npmjs.org/jquery-form/-/jquery-form-4.3.0.tgz",
      "integrity": "sha512-q3uaVCEWdLOYUCI6dpNdwf/7cJFOsUgdpq6r0taxtGQ5NJSkOzofyWm4jpOuJ5YxdmL1FI5QR+q+HB63HHLGnQ==",
      "requires": {
        "jquery": ">=1.7.2"
      }
    },
    "jquery-mask-plugin": {
      "version": "1.14.16",
      "resolved": "https://registry.npmjs.org/jquery-mask-plugin/-/jquery-mask-plugin-1.14.16.tgz",
      "integrity": "sha512-reywdHlYEkPbzWjTpcc1fk9XQ3PLvO5dzEAVqy8zI7NTF22tB1HbeU3iboZTLdkBEPaWAqeI2HtEjsGQ4roZKw=="
    },
    "jquery-maskmoney": {
      "version": "3.0.2",
      "resolved": "https://registry.npmjs.org/jquery-maskmoney/-/jquery-maskmoney-3.0.2.tgz",
      "integrity": "sha1-8Y3k8GuMZq2XyuizIFcck2rGN7c=",
      "requires": {
        "jquery": ">=1.6"
      }
    },
    "jquery-validation": {
      "version": "1.19.3",
      "resolved": "https://registry.npmjs.org/jquery-validation/-/jquery-validation-1.19.3.tgz",
      "integrity": "sha512-iXxCS5W7STthSTMFX/NDZfWHBLbJ1behVK3eAgHXAV8/0vRa9M4tiqHvJMr39VGWHMGdlkhrtrkBuaL2UlE8yw=="
    },
    "jquery-validation-unobtrusive": {
      "version": "3.2.12",
      "resolved": "https://registry.npmjs.org/jquery-validation-unobtrusive/-/jquery-validation-unobtrusive-3.2.12.tgz",
      "integrity": "sha512-kPixGhVcuat7vZXngGFfSIksy4VlzZcHyRgnBIZdsfVneCU+D5sITC8T8dD/9c9K/Q+qkMlgp7ufJHz93nKSuQ==",
      "requires": {
        "jquery": "^3.5.1",
        "jquery-validation": ">=1.16"
      }
    },
    "moment": {
      "version": "2.29.1",
      "resolved": "https://registry.npmjs.org/moment/-/moment-2.29.1.tgz",
      "integrity": "sha512-kHmoybcPV8Sqy59DwNDY3Jefr64lK/by/da0ViFcuA4DH0vQg5Q6Ze5VimxkfQNSC+Mls/Kx53s7TjP1RhFEDQ=="
    },
    "select2": {
      "version": "4.0.13",
      "resolved": "https://registry.npmjs.org/select2/-/select2-4.0.13.tgz",
      "integrity": "sha512-1JeB87s6oN/TDxQQYCvS5EFoQyvV6eYMZZ0AeA4tdFDYWN3BAGZ8npr17UBFddU0lgAt3H0yjX3X6/ekOj1yjw=="
    },
    "slick-carousel": {
      "version": "1.8.1",
      "resolved": "https://registry.npmjs.org/slick-carousel/-/slick-carousel-1.8.1.tgz",
      "integrity": "sha512-XB9Ftrf2EEKfzoQXt3Nitrt/IPbT+f1fgqBdoxO3W/+JYvtEOW6EgxnWfr9GH6nmULv7Y2tPmEX3koxThVmebA=="
    }
  }
}
